{
  "name": "demo",
  "version": "1.0.0",
  "lockfileVersion": 1,
  "requires": true,
  "dependencies": {
    "async-validator": {
      "version": "1.6.9",
      "resolved": "http://af.hikvision.com.cn:80/artifactory/api/npm/npm-isms/async-validator/-/async-validator-1.6.9.tgz",
      "integrity": "sha1-kAalk3g7igDMOZNSvEiqQ7TH7fA="
    },
    "axios": {
      "version": "0.18.0",
      "resolved": "http://registry.npm.taobao.org/axios/download/axios-0.18.0.tgz?cache=0&other_urls=http%3A%2F%2Fregistry.npm.taobao.org%2Faxios%2Fdownload%2Faxios-0.18.0.tgz",
      "requires": {
        "follow-redirects": "^1.3.0",
        "is-buffer": "^1.1.5"
      },
      "dependencies": {
        "follow-redirects": {
          "version": "1.7.0",
          "resolved": "http://registry.npm.taobao.org/follow-redirects/download/follow-redirects-1.7.0.tgz",
          "requires": {
            "debug": "^3.2.6"
          },
          "dependencies": {
            "debug": {
              "version": "3.2.6",
              "bundled": true,
              "requires": {
                "ms": "^2.1.1"
              }
            },
            "ms": {
              "version": "2.1.1",
              "bundled": true
            }
          }
        },
        "is-buffer": {
          "version": "1.1.6",
          "resolved": "http://registry.npm.taobao.org/is-buffer/download/is-buffer-1.1.6.tgz"
        }
      }
    },
    "deepmerge": {
      "version": "1.5.2",
      "resolved": "http://af.hikvision.com.cn:80/artifactory/api/npm/npm-isms/deepmerge/-/deepmerge-1.5.2.tgz",
      "integrity": "sha1-EEmdhohEza1P7ghC34x/bwyVp1M="
    },
    "hui": {
      "version": "2.0.0-alpha.8",
      "resolved": "http://af.hikvision.com.cn:80/artifactory/api/npm/npm-isms/hui/-/hui-2.0.0-alpha.8.tgz",
      "integrity": "sha1-jk33f8gbDGfh3K7mZgXupZ6aMH8=",
      "requires": {
        "async-validator": "1.6.9",
        "deepmerge": "^1.5.2",
        "resize-observer-polyfill": "^1.5.0",
        "throttle-debounce": "^1.0.1"
      }
    },
    "resize-observer-polyfill": {
      "version": "1.5.1",
      "resolved": "http://af.hikvision.com.cn:80/artifactory/api/npm/npm-isms/resize-observer-polyfill/-/resize-observer-polyfill-1.5.1.tgz",
      "integrity": "sha1-DpAg3T0hAkRY1OvSfiPkAmmBBGQ="
    },
    "throttle-debounce": {
      "version": "1.1.0",
      "resolved": "http://af.hikvision.com.cn:80/artifactory/api/npm/npm-isms/throttle-debounce/-/throttle-debounce-1.1.0.tgz",
      "integrity": "sha1-UYU9o3vmihVctugns1FKPEIuic0="
    },
    "vuex": {
      "version": "3.1.0",
      "resolved": "http://registry.npm.taobao.org/vuex/download/vuex-3.1.0.tgz"
    }
  }
}
